// !$*UTF8*$!
{
	archiveVersion = 1;
	classes = {
	};
	objectVersion = 56;
	objects = {

/* Begin PBXBuildFile section */
		9E0FA11C2B54D27A001CEEB9 /* PJ3T3_PostieApp.swift in Sources */ = {isa = PBXBuildFile; fileRef = 9E0FA11B2B54D27A001CEEB9 /* PJ3T3_PostieApp.swift */; };
		9E0FA11E2B54D27A001CEEB9 /* ContentView.swift in Sources */ = {isa = PBXBuildFile; fileRef = 9E0FA11D2B54D27A001CEEB9 /* ContentView.swift */; };
		9E0FA1202B54D27C001CEEB9 /* Assets.xcassets in Resources */ = {isa = PBXBuildFile; fileRef = 9E0FA11F2B54D27C001CEEB9 /* Assets.xcassets */; };
		9E0FA1232B54D27C001CEEB9 /* Preview Assets.xcassets in Resources */ = {isa = PBXBuildFile; fileRef = 9E0FA1222B54D27C001CEEB9 /* Preview Assets.xcassets */; };
		9E0FA12A2B54D2EF001CEEB9 /* README.md in Resources */ = {isa = PBXBuildFile; fileRef = 9E0FA1292B54D2EF001CEEB9 /* README.md */; };
		9E0FA12C2B54D2FC001CEEB9 /* .gitignore in Resources */ = {isa = PBXBuildFile; fileRef = 9E0FA12B2B54D2FC001CEEB9 /* .gitignore */; };
		9E9F6AB62B5762E5003DFE83 /* HomeView.swift in Sources */ = {isa = PBXBuildFile; fileRef = 9E9F6AB52B5762E5003DFE83 /* HomeView.swift */; };
		9E9F6AB82B5762EF003DFE83 /* HomeViewModel.swift in Sources */ = {isa = PBXBuildFile; fileRef = 9E9F6AB72B5762EF003DFE83 /* HomeViewModel.swift */; };
		9E9F6ABA2B5762FC003DFE83 /* MapView.swift in Sources */ = {isa = PBXBuildFile; fileRef = 9E9F6AB92B5762FC003DFE83 /* MapView.swift */; };
		9E9F6ABC2B576351003DFE83 /* MapCoordinator.swift in Sources */ = {isa = PBXBuildFile; fileRef = 9E9F6ABB2B576351003DFE83 /* MapCoordinator.swift */; };
		9E9F6ABE2B576358003DFE83 /* MapViewModel.swift in Sources */ = {isa = PBXBuildFile; fileRef = 9E9F6ABD2B576358003DFE83 /* MapViewModel.swift */; };
		9E9F6AC02B576368003DFE83 /* ShopView.swift in Sources */ = {isa = PBXBuildFile; fileRef = 9E9F6ABF2B576368003DFE83 /* ShopView.swift */; };
		9E9F6AC22B576393003DFE83 /* MapApi.swift in Sources */ = {isa = PBXBuildFile; fileRef = 9E9F6AC12B576393003DFE83 /* MapApi.swift */; };
		9E9F6AC42B57639D003DFE83 /* ShopViewModel.swift in Sources */ = {isa = PBXBuildFile; fileRef = 9E9F6AC32B57639D003DFE83 /* ShopViewModel.swift */; };
		9E9F6AC62B5763A3003DFE83 /* SettingView.swift in Sources */ = {isa = PBXBuildFile; fileRef = 9E9F6AC52B5763A3003DFE83 /* SettingView.swift */; };
		9E9F6AC82B5763AD003DFE83 /* SettingViewModel.swift in Sources */ = {isa = PBXBuildFile; fileRef = 9E9F6AC72B5763AD003DFE83 /* SettingViewModel.swift */; };
		9E9F6ACA2B5763B8003DFE83 /* LoginView.swift in Sources */ = {isa = PBXBuildFile; fileRef = 9E9F6AC92B5763B8003DFE83 /* LoginView.swift */; };
		9E9F6ACC2B5763C3003DFE83 /* RegistrationView.swift in Sources */ = {isa = PBXBuildFile; fileRef = 9E9F6ACB2B5763C3003DFE83 /* RegistrationView.swift */; };
		9E9F6ACE2B5763CA003DFE83 /* AuthViewModel.swift in Sources */ = {isa = PBXBuildFile; fileRef = 9E9F6ACD2B5763CA003DFE83 /* AuthViewModel.swift */; };
		9E9F6AD02B5763D0003DFE83 /* LoginInputView.swift in Sources */ = {isa = PBXBuildFile; fileRef = 9E9F6ACF2B5763D0003DFE83 /* LoginInputView.swift */; };
		9E9F6AD22B5763F3003DFE83 /* SettingsRowView.swift in Sources */ = {isa = PBXBuildFile; fileRef = 9E9F6AD12B5763F3003DFE83 /* SettingsRowView.swift */; };
		9E9F6AD42B576411003DFE83 /* LetterDetailView.swift in Sources */ = {isa = PBXBuildFile; fileRef = 9E9F6AD32B576411003DFE83 /* LetterDetailView.swift */; };
		9E9F6AD62B576423003DFE83 /* AddLetterView.swift in Sources */ = {isa = PBXBuildFile; fileRef = 9E9F6AD52B576423003DFE83 /* AddLetterView.swift */; };
		9E9F6AD82B57642D003DFE83 /* FirestoreViewModel.swift in Sources */ = {isa = PBXBuildFile; fileRef = 9E9F6AD72B57642D003DFE83 /* FirestoreViewModel.swift */; };
		9E9F6ADA2B576438003DFE83 /* User.swift in Sources */ = {isa = PBXBuildFile; fileRef = 9E9F6AD92B576438003DFE83 /* User.swift */; };
		9E9F6ADC2B57643F003DFE83 /* Letter.swift in Sources */ = {isa = PBXBuildFile; fileRef = 9E9F6ADB2B57643F003DFE83 /* Letter.swift */; };
		9E9F6ADF2B5765DE003DFE83 /* Color.swift in Sources */ = {isa = PBXBuildFile; fileRef = 9E9F6ADE2B5765DD003DFE83 /* Color.swift */; };
		CE7E50782B579D6800955F31 /* AddLetterViewModel.swift in Sources */ = {isa = PBXBuildFile; fileRef = CE7E50772B579D6800955F31 /* AddLetterViewModel.swift */; };
		CEF09E452B57B6C500BE67E4 /* UIImagePicker.swift in Sources */ = {isa = PBXBuildFile; fileRef = CEF09E442B57B6C500BE67E4 /* UIImagePicker.swift */; };
		CEF09E472B57BD8500BE67E4 /* LetterImageFullScreenView.swift in Sources */ = {isa = PBXBuildFile; fileRef = CEF09E462B57BD8500BE67E4 /* LetterImageFullScreenView.swift */; };
/* End PBXBuildFile section */

/* Begin PBXFileReference section */
		9E0FA1182B54D27A001CEEB9 /* PJ3T3_Postie.app */ = {isa = PBXFileReference; explicitFileType = wrapper.application; includeInIndex = 0; path = PJ3T3_Postie.app; sourceTree = BUILT_PRODUCTS_DIR; };
		9E0FA11B2B54D27A001CEEB9 /* PJ3T3_PostieApp.swift */ = {isa = PBXFileReference; lastKnownFileType = sourcecode.swift; path = PJ3T3_PostieApp.swift; sourceTree = "<group>"; };
		9E0FA11D2B54D27A001CEEB9 /* ContentView.swift */ = {isa = PBXFileReference; lastKnownFileType = sourcecode.swift; path = ContentView.swift; sourceTree = "<group>"; };
		9E0FA11F2B54D27C001CEEB9 /* Assets.xcassets */ = {isa = PBXFileReference; lastKnownFileType = folder.assetcatalog; path = Assets.xcassets; sourceTree = "<group>"; };
		9E0FA1222B54D27C001CEEB9 /* Preview Assets.xcassets */ = {isa = PBXFileReference; lastKnownFileType = folder.assetcatalog; path = "Preview Assets.xcassets"; sourceTree = "<group>"; };
		9E0FA1292B54D2EF001CEEB9 /* README.md */ = {isa = PBXFileReference; fileEncoding = 4; lastKnownFileType = net.daringfireball.markdown; path = README.md; sourceTree = "<group>"; };
		9E0FA12B2B54D2FC001CEEB9 /* .gitignore */ = {isa = PBXFileReference; lastKnownFileType = text; path = .gitignore; sourceTree = "<group>"; };
		9E9F6AB52B5762E5003DFE83 /* HomeView.swift */ = {isa = PBXFileReference; lastKnownFileType = sourcecode.swift; path = HomeView.swift; sourceTree = "<group>"; };
		9E9F6AB72B5762EF003DFE83 /* HomeViewModel.swift */ = {isa = PBXFileReference; lastKnownFileType = sourcecode.swift; path = HomeViewModel.swift; sourceTree = "<group>"; };
		9E9F6AB92B5762FC003DFE83 /* MapView.swift */ = {isa = PBXFileReference; lastKnownFileType = sourcecode.swift; path = MapView.swift; sourceTree = "<group>"; };
		9E9F6ABB2B576351003DFE83 /* MapCoordinator.swift */ = {isa = PBXFileReference; lastKnownFileType = sourcecode.swift; path = MapCoordinator.swift; sourceTree = "<group>"; };
		9E9F6ABD2B576358003DFE83 /* MapViewModel.swift */ = {isa = PBXFileReference; lastKnownFileType = sourcecode.swift; path = MapViewModel.swift; sourceTree = "<group>"; };
		9E9F6ABF2B576368003DFE83 /* ShopView.swift */ = {isa = PBXFileReference; lastKnownFileType = sourcecode.swift; path = ShopView.swift; sourceTree = "<group>"; };
		9E9F6AC12B576393003DFE83 /* MapApi.swift */ = {isa = PBXFileReference; lastKnownFileType = sourcecode.swift; path = MapApi.swift; sourceTree = "<group>"; };
		9E9F6AC32B57639D003DFE83 /* ShopViewModel.swift */ = {isa = PBXFileReference; lastKnownFileType = sourcecode.swift; path = ShopViewModel.swift; sourceTree = "<group>"; };
		9E9F6AC52B5763A3003DFE83 /* SettingView.swift */ = {isa = PBXFileReference; lastKnownFileType = sourcecode.swift; path = SettingView.swift; sourceTree = "<group>"; };
		9E9F6AC72B5763AD003DFE83 /* SettingViewModel.swift */ = {isa = PBXFileReference; lastKnownFileType = sourcecode.swift; path = SettingViewModel.swift; sourceTree = "<group>"; };
		9E9F6AC92B5763B8003DFE83 /* LoginView.swift */ = {isa = PBXFileReference; lastKnownFileType = sourcecode.swift; path = LoginView.swift; sourceTree = "<group>"; };
		9E9F6ACB2B5763C3003DFE83 /* RegistrationView.swift */ = {isa = PBXFileReference; lastKnownFileType = sourcecode.swift; path = RegistrationView.swift; sourceTree = "<group>"; };
		9E9F6ACD2B5763CA003DFE83 /* AuthViewModel.swift */ = {isa = PBXFileReference; lastKnownFileType = sourcecode.swift; path = AuthViewModel.swift; sourceTree = "<group>"; };
		9E9F6ACF2B5763D0003DFE83 /* LoginInputView.swift */ = {isa = PBXFileReference; lastKnownFileType = sourcecode.swift; path = LoginInputView.swift; sourceTree = "<group>"; };
		9E9F6AD12B5763F3003DFE83 /* SettingsRowView.swift */ = {isa = PBXFileReference; lastKnownFileType = sourcecode.swift; path = SettingsRowView.swift; sourceTree = "<group>"; };
		9E9F6AD32B576411003DFE83 /* LetterDetailView.swift */ = {isa = PBXFileReference; lastKnownFileType = sourcecode.swift; path = LetterDetailView.swift; sourceTree = "<group>"; };
		9E9F6AD52B576423003DFE83 /* AddLetterView.swift */ = {isa = PBXFileReference; lastKnownFileType = sourcecode.swift; path = AddLetterView.swift; sourceTree = "<group>"; };
		9E9F6AD72B57642D003DFE83 /* FirestoreViewModel.swift */ = {isa = PBXFileReference; lastKnownFileType = sourcecode.swift; path = FirestoreViewModel.swift; sourceTree = "<group>"; };
		9E9F6AD92B576438003DFE83 /* User.swift */ = {isa = PBXFileReference; lastKnownFileType = sourcecode.swift; path = User.swift; sourceTree = "<group>"; };
		9E9F6ADB2B57643F003DFE83 /* Letter.swift */ = {isa = PBXFileReference; lastKnownFileType = sourcecode.swift; path = Letter.swift; sourceTree = "<group>"; };
		9E9F6ADE2B5765DD003DFE83 /* Color.swift */ = {isa = PBXFileReference; lastKnownFileType = sourcecode.swift; path = Color.swift; sourceTree = "<group>"; };
		CE7E50772B579D6800955F31 /* AddLetterViewModel.swift */ = {isa = PBXFileReference; lastKnownFileType = sourcecode.swift; path = AddLetterViewModel.swift; sourceTree = "<group>"; };
		CEF09E442B57B6C500BE67E4 /* UIImagePicker.swift */ = {isa = PBXFileReference; lastKnownFileType = sourcecode.swift; path = UIImagePicker.swift; sourceTree = "<group>"; };
		CEF09E462B57BD8500BE67E4 /* LetterImageFullScreenView.swift */ = {isa = PBXFileReference; lastKnownFileType = sourcecode.swift; path = LetterImageFullScreenView.swift; sourceTree = "<group>"; };
/* End PBXFileReference section */

/* Begin PBXFrameworksBuildPhase section */
		9E0FA1152B54D27A001CEEB9 /* Frameworks */ = {
			isa = PBXFrameworksBuildPhase;
			buildActionMask = 2147483647;
			files = (
			);
			runOnlyForDeploymentPostprocessing = 0;
		};
/* End PBXFrameworksBuildPhase section */

/* Begin PBXGroup section */
		9E0FA10F2B54D27A001CEEB9 = {
			isa = PBXGroup;
			children = (
				9E0FA12B2B54D2FC001CEEB9 /* .gitignore */,
				9E0FA1292B54D2EF001CEEB9 /* README.md */,
				9E0FA11A2B54D27A001CEEB9 /* PJ3T3_Postie */,
				9E0FA1192B54D27A001CEEB9 /* Products */,
			);
			sourceTree = "<group>";
		};
		9E0FA1192B54D27A001CEEB9 /* Products */ = {
			isa = PBXGroup;
			children = (
				9E0FA1182B54D27A001CEEB9 /* PJ3T3_Postie.app */,
			);
			name = Products;
			sourceTree = "<group>";
		};
		9E0FA11A2B54D27A001CEEB9 /* PJ3T3_Postie */ = {
			isa = PBXGroup;
			children = (
				9E9F6AA42B5761DE003DFE83 /* App */,
				9E9F6ADD2B5765A3003DFE83 /* Extenstions */,
				9E9F6AA32B5761D7003DFE83 /* Components */,
				9E9F6AA22B5761CD003DFE83 /* Core */,
				9E9F6AA12B5761C5003DFE83 /* Model */,
				9E0FA11F2B54D27C001CEEB9 /* Assets.xcassets */,
				9E0FA1212B54D27C001CEEB9 /* Preview Content */,
			);
			path = PJ3T3_Postie;
			sourceTree = "<group>";
		};
		9E0FA1212B54D27C001CEEB9 /* Preview Content */ = {
			isa = PBXGroup;
			children = (
				9E0FA1222B54D27C001CEEB9 /* Preview Assets.xcassets */,
			);
			path = "Preview Content";
			sourceTree = "<group>";
		};
		9E9F6AA12B5761C5003DFE83 /* Model */ = {
			isa = PBXGroup;
			children = (
				9E9F6AD92B576438003DFE83 /* User.swift */,
				9E9F6ADB2B57643F003DFE83 /* Letter.swift */,
			);
			path = Model;
			sourceTree = "<group>";
		};
		9E9F6AA22B5761CD003DFE83 /* Core */ = {
			isa = PBXGroup;
			children = (
				9E9F6AA92B576210003DFE83 /* Home */,
				9E9F6AAC2B57622A003DFE83 /* Map */,
				9E9F6AAF2B576251003DFE83 /* Shop */,
				9E9F6AB22B5762BB003DFE83 /* Setting */,
				9E9F6AA62B5761F0003DFE83 /* Login */,
				9E9F6AA52B5761E8003DFE83 /* Root */,
			);
			path = Core;
			sourceTree = "<group>";
		};
		9E9F6AA32B5761D7003DFE83 /* Components */ = {
			isa = PBXGroup;
			children = (
			);
			path = Components;
			sourceTree = "<group>";
		};
		9E9F6AA42B5761DE003DFE83 /* App */ = {
			isa = PBXGroup;
			children = (
				9E0FA11B2B54D27A001CEEB9 /* PJ3T3_PostieApp.swift */,
			);
			path = App;
			sourceTree = "<group>";
		};
		9E9F6AA52B5761E8003DFE83 /* Root */ = {
			isa = PBXGroup;
			children = (
				9E0FA11D2B54D27A001CEEB9 /* ContentView.swift */,
			);
			path = Root;
			sourceTree = "<group>";
		};
		9E9F6AA62B5761F0003DFE83 /* Login */ = {
			isa = PBXGroup;
			children = (
				9E9F6AA82B576205003DFE83 /* View */,
				9E9F6AA72B5761FF003DFE83 /* ViewModel */,
			);
			path = Login;
			sourceTree = "<group>";
		};
		9E9F6AA72B5761FF003DFE83 /* ViewModel */ = {
			isa = PBXGroup;
			children = (
				9E9F6ACD2B5763CA003DFE83 /* AuthViewModel.swift */,
			);
			path = ViewModel;
			sourceTree = "<group>";
		};
		9E9F6AA82B576205003DFE83 /* View */ = {
			isa = PBXGroup;
			children = (
				9E9F6AC92B5763B8003DFE83 /* LoginView.swift */,
				9E9F6ACB2B5763C3003DFE83 /* RegistrationView.swift */,
				9E9F6ACF2B5763D0003DFE83 /* LoginInputView.swift */,
			);
			path = View;
			sourceTree = "<group>";
		};
		9E9F6AA92B576210003DFE83 /* Home */ = {
			isa = PBXGroup;
			children = (
				9E9F6AAB2B576221003DFE83 /* View */,
				9E9F6AAA2B57621D003DFE83 /* ViewModel */,
			);
			path = Home;
			sourceTree = "<group>";
		};
		9E9F6AAA2B57621D003DFE83 /* ViewModel */ = {
			isa = PBXGroup;
			children = (
				9E9F6AB72B5762EF003DFE83 /* HomeViewModel.swift */,
				9E9F6AD72B57642D003DFE83 /* FirestoreViewModel.swift */,
				CE7E50772B579D6800955F31 /* AddLetterViewModel.swift */,
			);
			path = ViewModel;
			sourceTree = "<group>";
		};
		9E9F6AAB2B576221003DFE83 /* View */ = {
			isa = PBXGroup;
			children = (
				9E9F6AB52B5762E5003DFE83 /* HomeView.swift */,
				9E9F6AD32B576411003DFE83 /* LetterDetailView.swift */,
				9E9F6AD52B576423003DFE83 /* AddLetterView.swift */,
				CEF09E442B57B6C500BE67E4 /* UIImagePicker.swift */,
				CEF09E462B57BD8500BE67E4 /* LetterImageFullScreenView.swift */,
			);
			path = View;
			sourceTree = "<group>";
		};
		9E9F6AAC2B57622A003DFE83 /* Map */ = {
			isa = PBXGroup;
			children = (
				9E9F6AAE2B57624C003DFE83 /* View */,
				9E9F6AAD2B576247003DFE83 /* ViewModel */,
			);
			path = Map;
			sourceTree = "<group>";
		};
		9E9F6AAD2B576247003DFE83 /* ViewModel */ = {
			isa = PBXGroup;
			children = (
				9E9F6ABD2B576358003DFE83 /* MapViewModel.swift */,
				9E9F6AC12B576393003DFE83 /* MapApi.swift */,
			);
			path = ViewModel;
			sourceTree = "<group>";
		};
		9E9F6AAE2B57624C003DFE83 /* View */ = {
			isa = PBXGroup;
			children = (
				9E9F6AB92B5762FC003DFE83 /* MapView.swift */,
				9E9F6ABB2B576351003DFE83 /* MapCoordinator.swift */,
			);
			path = View;
			sourceTree = "<group>";
		};
		9E9F6AAF2B576251003DFE83 /* Shop */ = {
			isa = PBXGroup;
			children = (
				9E9F6AB12B5762A6003DFE83 /* View */,
				9E9F6AB02B5762A2003DFE83 /* ViewModel */,
			);
			path = Shop;
			sourceTree = "<group>";
		};
		9E9F6AB02B5762A2003DFE83 /* ViewModel */ = {
			isa = PBXGroup;
			children = (
				9E9F6AC32B57639D003DFE83 /* ShopViewModel.swift */,
			);
			path = ViewModel;
			sourceTree = "<group>";
		};
		9E9F6AB12B5762A6003DFE83 /* View */ = {
			isa = PBXGroup;
			children = (
				9E9F6ABF2B576368003DFE83 /* ShopView.swift */,
			);
			path = View;
			sourceTree = "<group>";
		};
		9E9F6AB22B5762BB003DFE83 /* Setting */ = {
			isa = PBXGroup;
			children = (
				9E9F6AB42B5762C8003DFE83 /* View */,
				9E9F6AB32B5762C3003DFE83 /* ViewModel */,
			);
			path = Setting;
			sourceTree = "<group>";
		};
		9E9F6AB32B5762C3003DFE83 /* ViewModel */ = {
			isa = PBXGroup;
			children = (
				9E9F6AC72B5763AD003DFE83 /* SettingViewModel.swift */,
			);
			path = ViewModel;
			sourceTree = "<group>";
		};
		9E9F6AB42B5762C8003DFE83 /* View */ = {
			isa = PBXGroup;
			children = (
				9E9F6AC52B5763A3003DFE83 /* SettingView.swift */,
				9E9F6AD12B5763F3003DFE83 /* SettingsRowView.swift */,
			);
			path = View;
			sourceTree = "<group>";
		};
		9E9F6ADD2B5765A3003DFE83 /* Extenstions */ = {
			isa = PBXGroup;
			children = (
				9E9F6ADE2B5765DD003DFE83 /* Color.swift */,
			);
			path = Extenstions;
			sourceTree = "<group>";
		};
/* End PBXGroup section */

/* Begin PBXNativeTarget section */
		9E0FA1172B54D27A001CEEB9 /* PJ3T3_Postie */ = {
			isa = PBXNativeTarget;
			buildConfigurationList = 9E0FA1262B54D27C001CEEB9 /* Build configuration list for PBXNativeTarget "PJ3T3_Postie" */;
			buildPhases = (
				9E0FA1142B54D27A001CEEB9 /* Sources */,
				9E0FA1152B54D27A001CEEB9 /* Frameworks */,
				9E0FA1162B54D27A001CEEB9 /* Resources */,
			);
			buildRules = (
			);
			dependencies = (
			);
			name = PJ3T3_Postie;
			productName = PJ3T3_Postie;
			productReference = 9E0FA1182B54D27A001CEEB9 /* PJ3T3_Postie.app */;
			productType = "com.apple.product-type.application";
		};
/* End PBXNativeTarget section */

/* Begin PBXProject section */
		9E0FA1102B54D27A001CEEB9 /* Project object */ = {
			isa = PBXProject;
			attributes = {
				BuildIndependentTargetsInParallel = 1;
				LastSwiftUpdateCheck = 1500;
				LastUpgradeCheck = 1500;
				TargetAttributes = {
					9E0FA1172B54D27A001CEEB9 = {
						CreatedOnToolsVersion = 15.0.1;
					};
				};
			};
			buildConfigurationList = 9E0FA1132B54D27A001CEEB9 /* Build configuration list for PBXProject "PJ3T3_Postie" */;
			compatibilityVersion = "Xcode 14.0";
			developmentRegion = en;
			hasScannedForEncodings = 0;
			knownRegions = (
				en,
				Base,
			);
			mainGroup = 9E0FA10F2B54D27A001CEEB9;
			productRefGroup = 9E0FA1192B54D27A001CEEB9 /* Products */;
			projectDirPath = "";
			projectRoot = "";
			targets = (
				9E0FA1172B54D27A001CEEB9 /* PJ3T3_Postie */,
			);
		};
/* End PBXProject section */

/* Begin PBXResourcesBuildPhase section */
		9E0FA1162B54D27A001CEEB9 /* Resources */ = {
			isa = PBXResourcesBuildPhase;
			buildActionMask = 2147483647;
			files = (
				9E0FA12C2B54D2FC001CEEB9 /* .gitignore in Resources */,
				9E0FA12A2B54D2EF001CEEB9 /* README.md in Resources */,
				9E0FA1232B54D27C001CEEB9 /* Preview Assets.xcassets in Resources */,
				9E0FA1202B54D27C001CEEB9 /* Assets.xcassets in Resources */,
			);
			runOnlyForDeploymentPostprocessing = 0;
		};
/* End PBXResourcesBuildPhase section */

/* Begin PBXSourcesBuildPhase section */
		9E0FA1142B54D27A001CEEB9 /* Sources */ = {
			isa = PBXSourcesBuildPhase;
			buildActionMask = 2147483647;
			files = (
				CE7E50782B579D6800955F31 /* AddLetterViewModel.swift in Sources */,
				9E9F6AB62B5762E5003DFE83 /* HomeView.swift in Sources */,
				9E0FA11E2B54D27A001CEEB9 /* ContentView.swift in Sources */,
				9E9F6ADF2B5765DE003DFE83 /* Color.swift in Sources */,
				9E9F6ABA2B5762FC003DFE83 /* MapView.swift in Sources */,
				9E9F6ACC2B5763C3003DFE83 /* RegistrationView.swift in Sources */,
				9E9F6ABC2B576351003DFE83 /* MapCoordinator.swift in Sources */,
				9E9F6AD02B5763D0003DFE83 /* LoginInputView.swift in Sources */,
				9E9F6AD82B57642D003DFE83 /* FirestoreViewModel.swift in Sources */,
				9E9F6AD62B576423003DFE83 /* AddLetterView.swift in Sources */,
				9E9F6ACE2B5763CA003DFE83 /* AuthViewModel.swift in Sources */,
				CEF09E472B57BD8500BE67E4 /* LetterImageFullScreenView.swift in Sources */,
				9E9F6AC42B57639D003DFE83 /* ShopViewModel.swift in Sources */,
				CEF09E452B57B6C500BE67E4 /* UIImagePicker.swift in Sources */,
				9E9F6AC22B576393003DFE83 /* MapApi.swift in Sources */,
				9E9F6AD42B576411003DFE83 /* LetterDetailView.swift in Sources */,
				9E9F6ABE2B576358003DFE83 /* MapViewModel.swift in Sources */,
				9E9F6AC82B5763AD003DFE83 /* SettingViewModel.swift in Sources */,
				9E9F6AD22B5763F3003DFE83 /* SettingsRowView.swift in Sources */,
				9E0FA11C2B54D27A001CEEB9 /* PJ3T3_PostieApp.swift in Sources */,
				9E9F6AC02B576368003DFE83 /* ShopView.swift in Sources */,
				9E9F6ACA2B5763B8003DFE83 /* LoginView.swift in Sources */,
				9E9F6AB82B5762EF003DFE83 /* HomeViewModel.swift in Sources */,
				9E9F6ADC2B57643F003DFE83 /* Letter.swift in Sources */,
				9E9F6AC62B5763A3003DFE83 /* SettingView.swift in Sources */,
				9E9F6ADA2B576438003DFE83 /* User.swift in Sources */,
			);
			runOnlyForDeploymentPostprocessing = 0;
		};
/* End PBXSourcesBuildPhase section */

/* Begin XCBuildConfiguration section */
		9E0FA1242B54D27C001CEEB9 /* Debug */ = {
			isa = XCBuildConfiguration;
			buildSettings = {
				ALWAYS_SEARCH_USER_PATHS = NO;
				ASSETCATALOG_COMPILER_GENERATE_SWIFT_ASSET_SYMBOL_EXTENSIONS = YES;
				CLANG_ANALYZER_NONNULL = YES;
				CLANG_ANALYZER_NUMBER_OBJECT_CONVERSION = YES_AGGRESSIVE;
				CLANG_CXX_LANGUAGE_STANDARD = "gnu++20";
				CLANG_ENABLE_MODULES = YES;
				CLANG_ENABLE_OBJC_ARC = YES;
				CLANG_ENABLE_OBJC_WEAK = YES;
				CLANG_WARN_BLOCK_CAPTURE_AUTORELEASING = YES;
				CLANG_WARN_BOOL_CONVERSION = YES;
				CLANG_WARN_COMMA = YES;
				CLANG_WARN_CONSTANT_CONVERSION = YES;
				CLANG_WARN_DEPRECATED_OBJC_IMPLEMENTATIONS = YES;
				CLANG_WARN_DIRECT_OBJC_ISA_USAGE = YES_ERROR;
				CLANG_WARN_DOCUMENTATION_COMMENTS = YES;
				CLANG_WARN_EMPTY_BODY = YES;
				CLANG_WARN_ENUM_CONVERSION = YES;
				CLANG_WARN_INFINITE_RECURSION = YES;
				CLANG_WARN_INT_CONVERSION = YES;
				CLANG_WARN_NON_LITERAL_NULL_CONVERSION = YES;
				CLANG_WARN_OBJC_IMPLICIT_RETAIN_SELF = YES;
				CLANG_WARN_OBJC_LITERAL_CONVERSION = YES;
				CLANG_WARN_OBJC_ROOT_CLASS = YES_ERROR;
				CLANG_WARN_QUOTED_INCLUDE_IN_FRAMEWORK_HEADER = YES;
				CLANG_WARN_RANGE_LOOP_ANALYSIS = YES;
				CLANG_WARN_STRICT_PROTOTYPES = YES;
				CLANG_WARN_SUSPICIOUS_MOVE = YES;
				CLANG_WARN_UNGUARDED_AVAILABILITY = YES_AGGRESSIVE;
				CLANG_WARN_UNREACHABLE_CODE = YES;
				CLANG_WARN__DUPLICATE_METHOD_MATCH = YES;
				COPY_PHASE_STRIP = NO;
				DEBUG_INFORMATION_FORMAT = dwarf;
				ENABLE_STRICT_OBJC_MSGSEND = YES;
				ENABLE_TESTABILITY = YES;
				ENABLE_USER_SCRIPT_SANDBOXING = YES;
				GCC_C_LANGUAGE_STANDARD = gnu17;
				GCC_DYNAMIC_NO_PIC = NO;
				GCC_NO_COMMON_BLOCKS = YES;
				GCC_OPTIMIZATION_LEVEL = 0;
				GCC_PREPROCESSOR_DEFINITIONS = (
					"DEBUG=1",
					"$(inherited)",
				);
				GCC_WARN_64_TO_32_BIT_CONVERSION = YES;
				GCC_WARN_ABOUT_RETURN_TYPE = YES_ERROR;
				GCC_WARN_UNDECLARED_SELECTOR = YES;
				GCC_WARN_UNINITIALIZED_AUTOS = YES_AGGRESSIVE;
				GCC_WARN_UNUSED_FUNCTION = YES;
				GCC_WARN_UNUSED_VARIABLE = YES;
				IPHONEOS_DEPLOYMENT_TARGET = 17.0;
				LOCALIZATION_PREFERS_STRING_CATALOGS = YES;
				MTL_ENABLE_DEBUG_INFO = INCLUDE_SOURCE;
				MTL_FAST_MATH = YES;
				ONLY_ACTIVE_ARCH = YES;
				SDKROOT = iphoneos;
				SWIFT_ACTIVE_COMPILATION_CONDITIONS = "DEBUG $(inherited)";
				SWIFT_OPTIMIZATION_LEVEL = "-Onone";
			};
			name = Debug;
		};
		9E0FA1252B54D27C001CEEB9 /* Release */ = {
			isa = XCBuildConfiguration;
			buildSettings = {
				ALWAYS_SEARCH_USER_PATHS = NO;
				ASSETCATALOG_COMPILER_GENERATE_SWIFT_ASSET_SYMBOL_EXTENSIONS = YES;
				CLANG_ANALYZER_NONNULL = YES;
				CLANG_ANALYZER_NUMBER_OBJECT_CONVERSION = YES_AGGRESSIVE;
				CLANG_CXX_LANGUAGE_STANDARD = "gnu++20";
				CLANG_ENABLE_MODULES = YES;
				CLANG_ENABLE_OBJC_ARC = YES;
				CLANG_ENABLE_OBJC_WEAK = YES;
				CLANG_WARN_BLOCK_CAPTURE_AUTORELEASING = YES;
				CLANG_WARN_BOOL_CONVERSION = YES;
				CLANG_WARN_COMMA = YES;
				CLANG_WARN_CONSTANT_CONVERSION = YES;
				CLANG_WARN_DEPRECATED_OBJC_IMPLEMENTATIONS = YES;
				CLANG_WARN_DIRECT_OBJC_ISA_USAGE = YES_ERROR;
				CLANG_WARN_DOCUMENTATION_COMMENTS = YES;
				CLANG_WARN_EMPTY_BODY = YES;
				CLANG_WARN_ENUM_CONVERSION = YES;
				CLANG_WARN_INFINITE_RECURSION = YES;
				CLANG_WARN_INT_CONVERSION = YES;
				CLANG_WARN_NON_LITERAL_NULL_CONVERSION = YES;
				CLANG_WARN_OBJC_IMPLICIT_RETAIN_SELF = YES;
				CLANG_WARN_OBJC_LITERAL_CONVERSION = YES;
				CLANG_WARN_OBJC_ROOT_CLASS = YES_ERROR;
				CLANG_WARN_QUOTED_INCLUDE_IN_FRAMEWORK_HEADER = YES;
				CLANG_WARN_RANGE_LOOP_ANALYSIS = YES;
				CLANG_WARN_STRICT_PROTOTYPES = YES;
				CLANG_WARN_SUSPICIOUS_MOVE = YES;
				CLANG_WARN_UNGUARDED_AVAILABILITY = YES_AGGRESSIVE;
				CLANG_WARN_UNREACHABLE_CODE = YES;
				CLANG_WARN__DUPLICATE_METHOD_MATCH = YES;
				COPY_PHASE_STRIP = NO;
				DEBUG_INFORMATION_FORMAT = "dwarf-with-dsym";
				ENABLE_NS_ASSERTIONS = NO;
				ENABLE_STRICT_OBJC_MSGSEND = YES;
				ENABLE_USER_SCRIPT_SANDBOXING = YES;
				GCC_C_LANGUAGE_STANDARD = gnu17;
				GCC_NO_COMMON_BLOCKS = YES;
				GCC_WARN_64_TO_32_BIT_CONVERSION = YES;
				GCC_WARN_ABOUT_RETURN_TYPE = YES_ERROR;
				GCC_WARN_UNDECLARED_SELECTOR = YES;
				GCC_WARN_UNINITIALIZED_AUTOS = YES_AGGRESSIVE;
				GCC_WARN_UNUSED_FUNCTION = YES;
				GCC_WARN_UNUSED_VARIABLE = YES;
				IPHONEOS_DEPLOYMENT_TARGET = 17.0;
				LOCALIZATION_PREFERS_STRING_CATALOGS = YES;
				MTL_ENABLE_DEBUG_INFO = NO;
				MTL_FAST_MATH = YES;
				SDKROOT = iphoneos;
				SWIFT_COMPILATION_MODE = wholemodule;
				VALIDATE_PRODUCT = YES;
			};
			name = Release;
		};
		9E0FA1272B54D27C001CEEB9 /* Debug */ = {
			isa = XCBuildConfiguration;
			buildSettings = {
				ASSETCATALOG_COMPILER_APPICON_NAME = AppIcon;
				ASSETCATALOG_COMPILER_GLOBAL_ACCENT_COLOR_NAME = AccentColor;
				CODE_SIGN_STYLE = Automatic;
				CURRENT_PROJECT_VERSION = 1;
				DEVELOPMENT_ASSET_PATHS = "\"PJ3T3_Postie/Preview Content\"";
				DEVELOPMENT_TEAM = C9D4D98Z8R;
				ENABLE_PREVIEWS = YES;
				GENERATE_INFOPLIST_FILE = YES;
				INFOPLIST_KEY_CFBundleDisplayName = Postie;
				INFOPLIST_KEY_NSCameraUsageDescription = "편지 사진을 가져오기 위해 카메라 권한이 필요합니다.";
				INFOPLIST_KEY_UIApplicationSceneManifest_Generation = YES;
				INFOPLIST_KEY_UIApplicationSupportsIndirectInputEvents = YES;
				INFOPLIST_KEY_UILaunchScreen_Generation = YES;
				INFOPLIST_KEY_UISupportedInterfaceOrientations_iPad = "UIInterfaceOrientationPortrait UIInterfaceOrientationPortraitUpsideDown UIInterfaceOrientationLandscapeLeft UIInterfaceOrientationLandscapeRight";
				INFOPLIST_KEY_UISupportedInterfaceOrientations_iPhone = "UIInterfaceOrientationPortrait UIInterfaceOrientationLandscapeLeft UIInterfaceOrientationLandscapeRight";
				IPHONEOS_DEPLOYMENT_TARGET = 16.0;
				LD_RUNPATH_SEARCH_PATHS = (
					"$(inherited)",
					"@executable_path/Frameworks",
				);
				MARKETING_VERSION = 1.0;
				PRODUCT_BUNDLE_IDENTIFIER = "com.jes.e.0927.PJ3T3-Postie";
				PRODUCT_NAME = "$(TARGET_NAME)";
				SWIFT_EMIT_LOC_STRINGS = YES;
				SWIFT_VERSION = 5.0;
				TARGETED_DEVICE_FAMILY = "1,2";
			};
			name = Debug;
		};
		9E0FA1282B54D27C001CEEB9 /* Release */ = {
			isa = XCBuildConfiguration;
			buildSettings = {
				ASSETCATALOG_COMPILER_APPICON_NAME = AppIcon;
				ASSETCATALOG_COMPILER_GLOBAL_ACCENT_COLOR_NAME = AccentColor;
				CODE_SIGN_STYLE = Automatic;
				CURRENT_PROJECT_VERSION = 1;
				DEVELOPMENT_ASSET_PATHS = "\"PJ3T3_Postie/Preview Content\"";
				DEVELOPMENT_TEAM = C9D4D98Z8R;
				ENABLE_PREVIEWS = YES;
				GENERATE_INFOPLIST_FILE = YES;
				INFOPLIST_KEY_CFBundleDisplayName = Postie;
				INFOPLIST_KEY_NSCameraUsageDescription = "편지 사진을 가져오기 위해 카메라 권한이 필요합니다.";
				INFOPLIST_KEY_UIApplicationSceneManifest_Generation = YES;
				INFOPLIST_KEY_UIApplicationSupportsIndirectInputEvents = YES;
				INFOPLIST_KEY_UILaunchScreen_Generation = YES;
				INFOPLIST_KEY_UISupportedInterfaceOrientations_iPad = "UIInterfaceOrientationPortrait UIInterfaceOrientationPortraitUpsideDown UIInterfaceOrientationLandscapeLeft UIInterfaceOrientationLandscapeRight";
				INFOPLIST_KEY_UISupportedInterfaceOrientations_iPhone = "UIInterfaceOrientationPortrait UIInterfaceOrientationLandscapeLeft UIInterfaceOrientationLandscapeRight";
				IPHONEOS_DEPLOYMENT_TARGET = 16.0;
				LD_RUNPATH_SEARCH_PATHS = (
					"$(inherited)",
					"@executable_path/Frameworks",
				);
				MARKETING_VERSION = 1.0;
				PRODUCT_BUNDLE_IDENTIFIER = "com.jes.e.0927.PJ3T3-Postie";
				PRODUCT_NAME = "$(TARGET_NAME)";
				SWIFT_EMIT_LOC_STRINGS = YES;
				SWIFT_VERSION = 5.0;
				TARGETED_DEVICE_FAMILY = "1,2";
			};
			name = Release;
		};
/* End XCBuildConfiguration section */

/* Begin XCConfigurationList section */
		9E0FA1132B54D27A001CEEB9 /* Build configuration list for PBXProject "PJ3T3_Postie" */ = {
			isa = XCConfigurationList;
			buildConfigurations = (
				9E0FA1242B54D27C001CEEB9 /* Debug */,
				9E0FA1252B54D27C001CEEB9 /* Release */,
			);
			defaultConfigurationIsVisible = 0;
			defaultConfigurationName = Release;
		};
		9E0FA1262B54D27C001CEEB9 /* Build configuration list for PBXNativeTarget "PJ3T3_Postie" */ = {
			isa = XCConfigurationList;
			buildConfigurations = (
				9E0FA1272B54D27C001CEEB9 /* Debug */,
				9E0FA1282B54D27C001CEEB9 /* Release */,
			);
			defaultConfigurationIsVisible = 0;
			defaultConfigurationName = Release;
		};
/* End XCConfigurationList section */
	};
	rootObject = 9E0FA1102B54D27A001CEEB9 /* Project object */;
}
